
Microsoft Visual Studio Solution File, Format Version 12.00
# Visual Studio 2012
Project("{FAE04EC0-301F-11D3-BF4B-00C04F79EFBC}") = "FatimasSystem", "FatimasSystem\FatimasSystem.csproj", "{1604d377-5cfe-4d52-9096-6f852af4c98f}"
EndProject
Global
	GlobalSection(SolutionConfigurationPlatforms) = preSolution
		Debug|Any CPU = Debug|Any CPU
		Release|Any CPU = Release|Any CPU
	EndGlobalSection
	GlobalSection(ProjectConfigurationPlatforms) = postSolution
		{1604D377-5CFE-4D52-9096-6F852AF4C98F}.Debug|Any CPU.ActiveCfg = Debug|Any CPU
		{1604D377-5CFE-4D52-9096-6F852AF4C98F}.Debug|Any CPU.Build.0 = Debug|Any CPU
		{1604D377-5CFE-4D52-9096-6F852AF4C98F}.Release|Any CPU.ActiveCfg = Release|Any CPU
		{1604D377-5CFE-4D52-9096-6F852AF4C98F}.Release|Any CPU.Build.0 = Release|Any CPU
	EndGlobalSection
EndGlobal
